
Microsoft Visual Studio Solution File, Format Version 12.00
# Visual Studio 15
VisualStudioVersion = 15.0.28307.438
MinimumVisualStudioVersion = 10.0.40219.1
Project("{930C7802-8A8C-48F9-8165-68863BCCD9DD}") = "Install_pp", "..\Install_pp\Install_pp.wixproj", "{1422EFF5-C7AC-4F1F-B3F8-D5BF846BCBBA}"
	ProjectSection(ProjectDependencies) = postProject
		{875F1317-ECF0-4131-9280-569B4F00C227} = {875F1317-ECF0-4131-9280-569B4F00C227}
		{93A8B622-BA54-4A41-B456-9AB2629A5607} = {93A8B622-BA54-4A41-B456-9AB2629A5607}
		{24AF13C4-7FB3-4478-A951-6E3C587A625D} = {24AF13C4-7FB3-4478-A951-6E3C587A625D}
		{CF57F3EC-D3DB-4469-8519-3F9D73785D9B} = {CF57F3EC-D3DB-4469-8519-3F9D73785D9B}
	EndProjectSection
EndProject
Project("{930C7802-8A8C-48F9-8165-68863BCCD9DD}") = "Install_pprint", "..\Install_pprint\Install_pprint.wixproj", "{7512E12E-68E1-42D0-8396-00A9D3A2A93F}"
	ProjectSection(ProjectDependencies) = postProject
		{875F1317-ECF0-4131-9280-569B4F00C227} = {875F1317-ECF0-4131-9280-569B4F00C227}
		{93A8B622-BA54-4A41-B456-9AB2629A5607} = {93A8B622-BA54-4A41-B456-9AB2629A5607}
		{24AF13C4-7FB3-4478-A951-6E3C587A625D} = {24AF13C4-7FB3-4478-A951-6E3C587A625D}
		{CF57F3EC-D3DB-4469-8519-3F9D73785D9B} = {CF57F3EC-D3DB-4469-8519-3F9D73785D9B}
	EndProjectSection
EndProject
Project("{8BC9CEB8-8B4A-11D0-8D11-00A0C91BC942}") = "pprint", "..\pprint.prj\pprint.vcxproj", "{875F1317-ECF0-4131-9280-569B4F00C227}"
	ProjectSection(ProjectDependencies) = postProject
		{93A8B622-BA54-4A41-B456-9AB2629A5607} = {93A8B622-BA54-4A41-B456-9AB2629A5607}
		{24AF13C4-7FB3-4478-A951-6E3C587A625D} = {24AF13C4-7FB3-4478-A951-6E3C587A625D}
	EndProjectSection
EndProject
Project("{8BC9CEB8-8B4A-11D0-8D11-00A0C91BC942}") = "Library", "..\..\Library\Library.prj\Library.vcxproj", "{CF57F3EC-D3DB-4469-8519-3F9D73785D9B}"
	ProjectSection(ProjectDependencies) = postProject
		{93A8B622-BA54-4A41-B456-9AB2629A5607} = {93A8B622-BA54-4A41-B456-9AB2629A5607}
	EndProjectSection
EndProject
Project("{8BC9CEB8-8B4A-11D0-8D11-00A0C91BC942}") = "pp", "..\pp.prj\pp.vcxproj", "{24AF13C4-7FB3-4478-A951-6E3C587A625D}"
	ProjectSection(ProjectDependencies) = postProject
		{93A8B622-BA54-4A41-B456-9AB2629A5607} = {93A8B622-BA54-4A41-B456-9AB2629A5607}
	EndProjectSection
EndProject
Project("{8BC9CEB8-8B4A-11D0-8D11-00A0C91BC942}") = "Help", "..\pprint.hlp\Help.vcxproj", "{93A8B622-BA54-4A41-B456-9AB2629A5607}"
EndProject
Global
	GlobalSection(SolutionConfigurationPlatforms) = preSolution
		Debug|Win32 = Debug|Win32
		Release|Win32 = Release|Win32
	EndGlobalSection
	GlobalSection(ProjectConfigurationPlatforms) = postSolution
		{1422EFF5-C7AC-4F1F-B3F8-D5BF846BCBBA}.Debug|Win32.ActiveCfg = Debug|x86
		{1422EFF5-C7AC-4F1F-B3F8-D5BF846BCBBA}.Release|Win32.ActiveCfg = Release|x86
		{1422EFF5-C7AC-4F1F-B3F8-D5BF846BCBBA}.Release|Win32.Build.0 = Release|x86
		{7512E12E-68E1-42D0-8396-00A9D3A2A93F}.Debug|Win32.ActiveCfg = Debug|x86
		{7512E12E-68E1-42D0-8396-00A9D3A2A93F}.Release|Win32.ActiveCfg = Release|x86
		{7512E12E-68E1-42D0-8396-00A9D3A2A93F}.Release|Win32.Build.0 = Release|x86
		{875F1317-ECF0-4131-9280-569B4F00C227}.Debug|Win32.ActiveCfg = Debug|Win32
		{875F1317-ECF0-4131-9280-569B4F00C227}.Debug|Win32.Build.0 = Debug|Win32
		{875F1317-ECF0-4131-9280-569B4F00C227}.Release|Win32.ActiveCfg = Release|Win32
		{875F1317-ECF0-4131-9280-569B4F00C227}.Release|Win32.Build.0 = Release|Win32
		{CF57F3EC-D3DB-4469-8519-3F9D73785D9B}.Debug|Win32.ActiveCfg = Debug|Win32
		{CF57F3EC-D3DB-4469-8519-3F9D73785D9B}.Debug|Win32.Build.0 = Debug|Win32
		{CF57F3EC-D3DB-4469-8519-3F9D73785D9B}.Release|Win32.ActiveCfg = Release|Win32
		{CF57F3EC-D3DB-4469-8519-3F9D73785D9B}.Release|Win32.Build.0 = Release|Win32
		{24AF13C4-7FB3-4478-A951-6E3C587A625D}.Debug|Win32.ActiveCfg = Debug|Win32
		{24AF13C4-7FB3-4478-A951-6E3C587A625D}.Debug|Win32.Build.0 = Debug|Win32
		{24AF13C4-7FB3-4478-A951-6E3C587A625D}.Release|Win32.ActiveCfg = Release|Win32
		{24AF13C4-7FB3-4478-A951-6E3C587A625D}.Release|Win32.Build.0 = Release|Win32
		{93A8B622-BA54-4A41-B456-9AB2629A5607}.Debug|Win32.ActiveCfg = Debug|Win32
		{93A8B622-BA54-4A41-B456-9AB2629A5607}.Debug|Win32.Build.0 = Debug|Win32
		{93A8B622-BA54-4A41-B456-9AB2629A5607}.Release|Win32.ActiveCfg = Release|Win32
		{93A8B622-BA54-4A41-B456-9AB2629A5607}.Release|Win32.Build.0 = Release|Win32
	EndGlobalSection
	GlobalSection(SolutionProperties) = preSolution
		HideSolutionNode = FALSE
	EndGlobalSection
	GlobalSection(ExtensibilityGlobals) = postSolution
		SolutionGuid = {6AED71CC-32BF-4D38-AB64-BE84C620685B}
	EndGlobalSection
EndGlobal
